
Microsoft Visual Studio Solution File, Format Version 12.00
# Visual Studio Version 17
VisualStudioVersion = 17.10.35122.118
MinimumVisualStudioVersion = 10.0.40219.1
Project("{FAE04EC0-301F-11D3-BF4B-00C04F79EFBC}") = "WindowsFormsApp4", "WindowsFormsApp4\WindowsFormsApp4.csproj", "{A8E99B43-C7BC-4126-AF94-88A19DD7177E}"
EndProject
Global
	GlobalSection(SolutionConfigurationPlatforms) = preSolution
		Debug|Any CPU = Debug|Any CPU
		Release|Any CPU = Release|Any CPU
	EndGlobalSection
	GlobalSection(ProjectConfigurationPlatforms) = postSolution
		{A8E99B43-C7BC-4126-AF94-88A19DD7177E}.Debug|Any CPU.ActiveCfg = Debug|Any CPU
		{A8E99B43-C7BC-4126-AF94-88A19DD7177E}.Debug|Any CPU.Build.0 = Debug|Any CPU
		{A8E99B43-C7BC-4126-AF94-88A19DD7177E}.Release|Any CPU.ActiveCfg = Release|Any CPU
		{A8E99B43-C7BC-4126-AF94-88A19DD7177E}.Release|Any CPU.Build.0 = Release|Any CPU
	EndGlobalSection
	GlobalSection(SolutionProperties) = preSolution
		HideSolutionNode = FALSE
	EndGlobalSection
	GlobalSection(ExtensibilityGlobals) = postSolution
		SolutionGuid = {782E77AB-ACD5-4B98-8FF4-F6B23CC72DE2}
	EndGlobalSection
EndGlobal
